
Microsoft Visual Studio Solution File, Format Version 12.00
# Visual Studio 2012
Project("{FAE04EC0-301F-11D3-BF4B-00C04F79EFBC}") = "Evereq.AWSAsyncTestOld", "Evereq.AWSAsyncTest\Evereq.AWSAsyncTestOld.csproj", "{43696472-6893-4192-B8E1-E826AD921ADA}"
EndProject
Global
	GlobalSection(SolutionConfigurationPlatforms) = preSolution
		Debug|Any CPU = Debug|Any CPU
		Release|Any CPU = Release|Any CPU
	EndGlobalSection
	GlobalSection(ProjectConfigurationPlatforms) = postSolution
		{43696472-6893-4192-B8E1-E826AD921ADA}.Debug|Any CPU.ActiveCfg = Debug|Any CPU
		{43696472-6893-4192-B8E1-E826AD921ADA}.Debug|Any CPU.Build.0 = Debug|Any CPU
		{43696472-6893-4192-B8E1-E826AD921ADA}.Release|Any CPU.ActiveCfg = Release|Any CPU
		{43696472-6893-4192-B8E1-E826AD921ADA}.Release|Any CPU.Build.0 = Release|Any CPU
	EndGlobalSection
	GlobalSection(SolutionProperties) = preSolution
		HideSolutionNode = FALSE
	EndGlobalSection
EndGlobal
